
Microsoft Visual Studio Solution File, Format Version 12.00
# Visual Studio Version 17
VisualStudioVersion = 17.2.32526.322
MinimumVisualStudioVersion = 10.0.40219.1
Project("{FAE04EC0-301F-11D3-BF4B-00C04F79EFBC}") = "SuperServerSupreme", "SuperServerSupreme\SuperServerSupreme.csproj", "{5AA1EE8C-15BA-441D-9972-7E4D8022669A}"
EndProject
Global
	GlobalSection(SolutionConfigurationPlatforms) = preSolution
		Debug|Any CPU = Debug|Any CPU
		Release|Any CPU = Release|Any CPU
	EndGlobalSection
	GlobalSection(ProjectConfigurationPlatforms) = postSolution
		{5AA1EE8C-15BA-441D-9972-7E4D8022669A}.Debug|Any CPU.ActiveCfg = Debug|Any CPU
		{5AA1EE8C-15BA-441D-9972-7E4D8022669A}.Debug|Any CPU.Build.0 = Debug|Any CPU
		{5AA1EE8C-15BA-441D-9972-7E4D8022669A}.Release|Any CPU.ActiveCfg = Release|Any CPU
		{5AA1EE8C-15BA-441D-9972-7E4D8022669A}.Release|Any CPU.Build.0 = Release|Any CPU
	EndGlobalSection
	GlobalSection(SolutionProperties) = preSolution
		HideSolutionNode = FALSE
	EndGlobalSection
	GlobalSection(ExtensibilityGlobals) = postSolution
		SolutionGuid = {05A64CA2-8526-413D-853C-009E427E4CDE}
	EndGlobalSection
EndGlobal
